
Microsoft Visual Studio Solution File, Format Version 12.00
# Visual Studio Version 17
VisualStudioVersion = 17.5.33502.453
MinimumVisualStudioVersion = 10.0.40219.1
Project("{9A19103F-16F7-4668-BE54-9A1E7A4F7556}") = "Chemist.Api", "Chemist.Api\Chemist.Api.csproj", "{2456867B-AB1D-4FCC-9520-0EC14350EE93}"
EndProject
Project("{9A19103F-16F7-4668-BE54-9A1E7A4F7556}") = "Chemist.Services", "Chemist.Services\Chemist.Services.csproj", "{8F0393A8-3DB7-48A1-B4B7-ADE45DEB2CA9}"
EndProject
Project("{9A19103F-16F7-4668-BE54-9A1E7A4F7556}") = "Chemist.Domain", "Chemist.Domain\Chemist.Domain.csproj", "{971AC7CF-ADB1-422A-BEF2-F58DCDB02CD0}"
EndProject
Project("{FAE04EC0-301F-11D3-BF4B-00C04F79EFBC}") = "Chemist.Services.Tests", "Chemist.Services.Tests\Chemist.Services.Tests.csproj", "{5F6B2004-399B-46B3-AB9D-A5AE3DBE0630}"
EndProject
Global
	GlobalSection(SolutionConfigurationPlatforms) = preSolution
		Debug|Any CPU = Debug|Any CPU
		Release|Any CPU = Release|Any CPU
	EndGlobalSection
	GlobalSection(ProjectConfigurationPlatforms) = postSolution
		{2456867B-AB1D-4FCC-9520-0EC14350EE93}.Debug|Any CPU.ActiveCfg = Debug|Any CPU
		{2456867B-AB1D-4FCC-9520-0EC14350EE93}.Debug|Any CPU.Build.0 = Debug|Any CPU
		{2456867B-AB1D-4FCC-9520-0EC14350EE93}.Release|Any CPU.ActiveCfg = Release|Any CPU
		{2456867B-AB1D-4FCC-9520-0EC14350EE93}.Release|Any CPU.Build.0 = Release|Any CPU
		{8F0393A8-3DB7-48A1-B4B7-ADE45DEB2CA9}.Debug|Any CPU.ActiveCfg = Debug|Any CPU
		{8F0393A8-3DB7-48A1-B4B7-ADE45DEB2CA9}.Debug|Any CPU.Build.0 = Debug|Any CPU
		{8F0393A8-3DB7-48A1-B4B7-ADE45DEB2CA9}.Release|Any CPU.ActiveCfg = Release|Any CPU
		{8F0393A8-3DB7-48A1-B4B7-ADE45DEB2CA9}.Release|Any CPU.Build.0 = Release|Any CPU
		{971AC7CF-ADB1-422A-BEF2-F58DCDB02CD0}.Debug|Any CPU.ActiveCfg = Debug|Any CPU
		{971AC7CF-ADB1-422A-BEF2-F58DCDB02CD0}.Debug|Any CPU.Build.0 = Debug|Any CPU
		{971AC7CF-ADB1-422A-BEF2-F58DCDB02CD0}.Release|Any CPU.ActiveCfg = Release|Any CPU
		{971AC7CF-ADB1-422A-BEF2-F58DCDB02CD0}.Release|Any CPU.Build.0 = Release|Any CPU
		{5F6B2004-399B-46B3-AB9D-A5AE3DBE0630}.Debug|Any CPU.ActiveCfg = Debug|Any CPU
		{5F6B2004-399B-46B3-AB9D-A5AE3DBE0630}.Debug|Any CPU.Build.0 = Debug|Any CPU
		{5F6B2004-399B-46B3-AB9D-A5AE3DBE0630}.Release|Any CPU.ActiveCfg = Release|Any CPU
		{5F6B2004-399B-46B3-AB9D-A5AE3DBE0630}.Release|Any CPU.Build.0 = Release|Any CPU
	EndGlobalSection
	GlobalSection(SolutionProperties) = preSolution
		HideSolutionNode = FALSE
	EndGlobalSection
	GlobalSection(ExtensibilityGlobals) = postSolution
		SolutionGuid = {851BED30-51A1-4DCA-AD95-D5613B103838}
	EndGlobalSection
EndGlobal
